Microsoft Visual Studio Solution File, Format Version 11.00
# Visual Studio 2010
Project("{FAE04EC0-301F-11D3-BF4B-00C04F79EFBC}") = "CalculateRoutes", "CalculateRoutes\CalculateRoutes.csproj", "{9B0DEB40-5BC5-4C00-8CF0-251C2204EE6D}"
EndProject
Project("{FAE04EC0-301F-11D3-BF4B-00C04F79EFBC}") = "CalculateRoutes.Web", "CalculateRoutes.Web\CalculateRoutes.Web.csproj", "{37FF81A4-3DD3-4B57-A259-6B5E7A10384A}"
EndProject
Global
	GlobalSection(SolutionConfigurationPlatforms) = preSolution
		Debug|Any CPU = Debug|Any CPU
		Release|Any CPU = Release|Any CPU
	EndGlobalSection
	GlobalSection(ProjectConfigurationPlatforms) = postSolution
		{9B0DEB40-5BC5-4C00-8CF0-251C2204EE6D}.Debug|Any CPU.ActiveCfg = Debug|Any CPU
		{9B0DEB40-5BC5-4C00-8CF0-251C2204EE6D}.Debug|Any CPU.Build.0 = Debug|Any CPU
		{9B0DEB40-5BC5-4C00-8CF0-251C2204EE6D}.Release|Any CPU.ActiveCfg = Release|Any CPU
		{9B0DEB40-5BC5-4C00-8CF0-251C2204EE6D}.Release|Any CPU.Build.0 = Release|Any CPU
		{37FF81A4-3DD3-4B57-A259-6B5E7A10384A}.Debug|Any CPU.ActiveCfg = Debug|Any CPU
		{37FF81A4-3DD3-4B57-A259-6B5E7A10384A}.Debug|Any CPU.Build.0 = Debug|Any CPU
		{37FF81A4-3DD3-4B57-A259-6B5E7A10384A}.Release|Any CPU.ActiveCfg = Release|Any CPU
		{37FF81A4-3DD3-4B57-A259-6B5E7A10384A}.Release|Any CPU.Build.0 = Release|Any CPU
	EndGlobalSection
	GlobalSection(SolutionProperties) = preSolution
		HideSolutionNode = FALSE
	EndGlobalSection
EndGlobal
